
Microsoft Visual Studio Solution File, Format Version 12.00
# Visual Studio Version 17
VisualStudioVersion = 17.3.32825.248
MinimumVisualStudioVersion = 10.0.40219.1
Project("{9A19103F-16F7-4668-BE54-9A1E7A4F7556}") = "BookExperience.Web", "BookExperience.Web\BookExperience.Web.csproj", "{A69DE5B9-74B6-431D-9607-AB24CEE815CB}"
EndProject
Project("{9A19103F-16F7-4668-BE54-9A1E7A4F7556}") = "BookExperience.Infrastrucutre", "BookExperience.Infrastrucutre\BookExperience.Infrastrucutre.csproj", "{08F0F75E-AD04-4CC5-A0CB-508E3B90CF05}"
EndProject
Project("{9A19103F-16F7-4668-BE54-9A1E7A4F7556}") = "BookExperience.Core", "BookExperience.Core\BookExperience.Core.csproj", "{EB08E205-F4C0-4465-90F4-59C08C86443F}"
EndProject
Project("{FAE04EC0-301F-11D3-BF4B-00C04F79EFBC}") = "BookingExperience.Test", "BookingExperience.Test\BookingExperience.Test.csproj", "{68CF4964-C6CA-4A05-9C18-33C0C2492794}"
EndProject
Global
	GlobalSection(SolutionConfigurationPlatforms) = preSolution
		Debug|Any CPU = Debug|Any CPU
		Release|Any CPU = Release|Any CPU
	EndGlobalSection
	GlobalSection(ProjectConfigurationPlatforms) = postSolution
		{A69DE5B9-74B6-431D-9607-AB24CEE815CB}.Debug|Any CPU.ActiveCfg = Debug|Any CPU
		{A69DE5B9-74B6-431D-9607-AB24CEE815CB}.Debug|Any CPU.Build.0 = Debug|Any CPU
		{A69DE5B9-74B6-431D-9607-AB24CEE815CB}.Release|Any CPU.ActiveCfg = Release|Any CPU
		{A69DE5B9-74B6-431D-9607-AB24CEE815CB}.Release|Any CPU.Build.0 = Release|Any CPU
		{08F0F75E-AD04-4CC5-A0CB-508E3B90CF05}.Debug|Any CPU.ActiveCfg = Debug|Any CPU
		{08F0F75E-AD04-4CC5-A0CB-508E3B90CF05}.Debug|Any CPU.Build.0 = Debug|Any CPU
		{08F0F75E-AD04-4CC5-A0CB-508E3B90CF05}.Release|Any CPU.ActiveCfg = Release|Any CPU
		{08F0F75E-AD04-4CC5-A0CB-508E3B90CF05}.Release|Any CPU.Build.0 = Release|Any CPU
		{EB08E205-F4C0-4465-90F4-59C08C86443F}.Debug|Any CPU.ActiveCfg = Debug|Any CPU
		{EB08E205-F4C0-4465-90F4-59C08C86443F}.Debug|Any CPU.Build.0 = Debug|Any CPU
		{EB08E205-F4C0-4465-90F4-59C08C86443F}.Release|Any CPU.ActiveCfg = Release|Any CPU
		{EB08E205-F4C0-4465-90F4-59C08C86443F}.Release|Any CPU.Build.0 = Release|Any CPU
		{68CF4964-C6CA-4A05-9C18-33C0C2492794}.Debug|Any CPU.ActiveCfg = Debug|Any CPU
		{68CF4964-C6CA-4A05-9C18-33C0C2492794}.Debug|Any CPU.Build.0 = Debug|Any CPU
		{68CF4964-C6CA-4A05-9C18-33C0C2492794}.Release|Any CPU.ActiveCfg = Release|Any CPU
		{68CF4964-C6CA-4A05-9C18-33C0C2492794}.Release|Any CPU.Build.0 = Release|Any CPU
	EndGlobalSection
	GlobalSection(SolutionProperties) = preSolution
		HideSolutionNode = FALSE
	EndGlobalSection
	GlobalSection(ExtensibilityGlobals) = postSolution
		SolutionGuid = {7D8424F2-77FE-4C9F-8343-823D4558F9FE}
	EndGlobalSection
EndGlobal
